// !$*UTF8*$!
{
	archiveVersion = 1;
	classes = {
	};
	objectVersion = 46;
	objects = {

/* Begin PBXBuildFile section */
		CC87FF8419EEFF09002969A8 /* main.m in Sources */ = {isa = PBXBuildFile; fileRef = CC87FF8319EEFF09002969A8 /* main.m */; };
		CC87FF8719EEFF09002969A8 /* AppDelegate.m in Sources */ = {isa = PBXBuildFile; fileRef = CC87FF8619EEFF09002969A8 /* AppDelegate.m */; };
		CC87FF8A19EEFF09002969A8 /* ZaHunter.xcdatamodeld in Sources */ = {isa = PBXBuildFile; fileRef = CC87FF8819EEFF09002969A8 /* ZaHunter.xcdatamodeld */; };
		CC87FF8D19EEFF09002969A8 /* ViewController.m in Sources */ = {isa = PBXBuildFile; fileRef = CC87FF8C19EEFF09002969A8 /* ViewController.m */; };
		CC87FF9019EEFF09002969A8 /* Main.storyboard in Resources */ = {isa = PBXBuildFile; fileRef = CC87FF8E19EEFF09002969A8 /* Main.storyboard */; };
		CC87FF9219EEFF09002969A8 /* Images.xcassets in Resources */ = {isa = PBXBuildFile; fileRef = CC87FF9119EEFF09002969A8 /* Images.xcassets */; };
		CC87FF9519EEFF09002969A8 /* LaunchScreen.xib in Resources */ = {isa = PBXBuildFile; fileRef = CC87FF9319EEFF09002969A8 /* LaunchScreen.xib */; };
		CC87FFA119EEFF09002969A8 /* ZaHunterTests.m in Sources */ = {isa = PBXBuildFile; fileRef = CC87FFA019EEFF09002969A8 /* ZaHunterTests.m */; };
		CC87FFAB19EF17E2002969A8 /* MapKit.framework in Frameworks */ = {isa = PBXBuildFile; fileRef = CC87FFAA19EF17E2002969A8 /* MapKit.framework */; };
/* End PBXBuildFile section */

/* Begin PBXContainerItemProxy section */
		CC87FF9B19EEFF09002969A8 /* PBXContainerItemProxy */ = {
			isa = PBXContainerItemProxy;
			containerPortal = CC87FF7619EEFF08002969A8 /* Project object */;
			proxyType = 1;
			remoteGlobalIDString = CC87FF7D19EEFF09002969A8;
			remoteInfo = ZaHunter;
		};
/* End PBXContainerItemProxy section */

/* Begin PBXFileReference section */
		CC87FF7E19EEFF09002969A8 /* ZaHunter.app */ = {isa = PBXFileReference; explicitFileType = wrapper.application; includeInIndex = 0; path = ZaHunter.app; sourceTree = BUILT_PRODUCTS_DIR; };
		CC87FF8219EEFF09002969A8 /* Info.plist */ = {isa = PBXFileReference; lastKnownFileType = text.plist.xml; path = Info.plist; sourceTree = "<group>"; };
		CC87FF8319EEFF09002969A8 /* main.m */ = {isa = PBXFileReference; lastKnownFileType = sourcecode.c.objc; path = main.m; sourceTree = "<group>"; };
		CC87FF8519EEFF09002969A8 /* AppDelegate.h */ = {isa = PBXFileReference; lastKnownFileType = sourcecode.c.h; path = AppDelegate.h; sourceTree = "<group>"; };
		CC87FF8619EEFF09002969A8 /* AppDelegate.m */ = {isa = PBXFileReference; lastKnownFileType = sourcecode.c.objc; path = AppDelegate.m; sourceTree = "<group>"; };
		CC87FF8919EEFF09002969A8 /* ZaHunter.xcdatamodel */ = {isa = PBXFileReference; lastKnownFileType = wrapper.xcdatamodel; path = ZaHunter.xcdatamodel; sourceTree = "<group>"; };
		CC87FF8B19EEFF09002969A8 /* ViewController.h */ = {isa = PBXFileReference; lastKnownFileType = sourcecode.c.h; path = ViewController.h; sourceTree = "<group>"; };
		CC87FF8C19EEFF09002969A8 /* ViewController.m */ = {isa = PBXFileReference; lastKnownFileType = sourcecode.c.objc; path = ViewController.m; sourceTree = "<group>"; };
		CC87FF8F19EEFF09002969A8 /* Base */ = {isa = PBXFileReference; lastKnownFileType = file.storyboard; name = Base; path = Base.lproj/Main.storyboard; sourceTree = "<group>"; };
		CC87FF9119EEFF09002969A8 /* Images.xcassets */ = {isa = PBXFileReference; lastKnownFileType = folder.assetcatalog; path = Images.xcassets; sourceTree = "<group>"; };
		CC87FF9419EEFF09002969A8 /* Base */ = {isa = PBXFileReference; lastKnownFileType = file.xib; name = Base; path = Base.lproj/LaunchScreen.xib; sourceTree = "<group>"; };
		CC87FF9A19EEFF09002969A8 /* ZaHunterTests.xctest */ = {isa = PBXFileReference; explicitFileType = wrapper.cfbundle; includeInIndex = 0; path = ZaHunterTests.xctest; sourceTree = BUILT_PRODUCTS_DIR; };
		CC87FF9F19EEFF09002969A8 /* Info.plist */ = {isa = PBXFileReference; lastKnownFileType = text.plist.xml; path = Info.plist; sourceTree = "<group>"; };
		CC87FFA019EEFF09002969A8 /* ZaHunterTests.m */ = {isa = PBXFileReference; lastKnownFileType = sourcecode.c.objc; path = ZaHunterTests.m; sourceTree = "<group>"; };
		CC87FFAA19EF17E2002969A8 /* MapKit.framework */ = {isa = PBXFileReference; lastKnownFileType = wrapper.framework; name = MapKit.framework; path = System/Library/Frameworks/MapKit.framework; sourceTree = SDKROOT; };
/* End PBXFileReference section */

/* Begin PBXFrameworksBuildPhase section */
		CC87FF7B19EEFF09002969A8 /* Frameworks */ = {
			isa = PBXFrameworksBuildPhase;
			buildActionMask = 2147483647;
			files = (
				CC87FFAB19EF17E2002969A8 /* MapKit.framework in Frameworks */,
			);
			runOnlyForDeploymentPostprocessing = 0;
		};
		CC87FF9719EEFF09002969A8 /* Frameworks */ = {
			isa = PBXFrameworksBuildPhase;
			buildActionMask = 2147483647;
			files = (
			);
			runOnlyForDeploymentPostprocessing = 0;
		};
/* End PBXFrameworksBuildPhase section */

/* Begin PBXGroup section */
		CC87FF7519EEFF08002969A8 = {
			isa = PBXGroup;
			children = (
				CC87FFAA19EF17E2002969A8 /* MapKit.framework */,
				CC87FF8019EEFF09002969A8 /* ZaHunter */,
				CC87FF9D19EEFF09002969A8 /* ZaHunterTests */,
				CC87FF7F19EEFF09002969A8 /* Products */,
			);
			sourceTree = "<group>";
		};
		CC87FF7F19EEFF09002969A8 /* Products */ = {
			isa = PBXGroup;
			children = (
				CC87FF7E19EEFF09002969A8 /* ZaHunter.app */,
				CC87FF9A19EEFF09002969A8 /* ZaHunterTests.xctest */,
			);
			name = Products;
			sourceTree = "<group>";
		};
		CC87FF8019EEFF09002969A8 /* ZaHunter */ = {
			isa = PBXGroup;
			children = (
				CC87FF8519EEFF09002969A8 /* AppDelegate.h */,
				CC87FF8619EEFF09002969A8 /* AppDelegate.m */,
				CC87FF8B19EEFF09002969A8 /* ViewController.h */,
				CC87FF8C19EEFF09002969A8 /* ViewController.m */,
				CC87FF8E19EEFF09002969A8 /* Main.storyboard */,
				CC87FF9119EEFF09002969A8 /* Images.xcassets */,
				CC87FF9319EEFF09002969A8 /* LaunchScreen.xib */,
				CC87FF8819EEFF09002969A8 /* ZaHunter.xcdatamodeld */,
				CC87FF8119EEFF09002969A8 /* Supporting Files */,
			);
			path = ZaHunter;
			sourceTree = "<group>";
		};
		CC87FF8119EEFF09002969A8 /* Supporting Files */ = {
			isa = PBXGroup;
			children = (
				CC87FF8219EEFF09002969A8 /* Info.plist */,
				CC87FF8319EEFF09002969A8 /* main.m */,
			);
			name = "Supporting Files";
			sourceTree = "<group>";
		};
		CC87FF9D19EEFF09002969A8 /* ZaHunterTests */ = {
			isa = PBXGroup;
			children = (
				CC87FFA019EEFF09002969A8 /* ZaHunterTests.m */,
				CC87FF9E19EEFF09002969A8 /* Supporting Files */,
			);
			path = ZaHunterTests;
			sourceTree = "<group>";
		};
		CC87FF9E19EEFF09002969A8 /* Supporting Files */ = {
			isa = PBXGroup;
			children = (
				CC87FF9F19EEFF09002969A8 /* Info.plist */,
			);
			name = "Supporting Files";
			sourceTree = "<group>";
		};
/* End PBXGroup section */

/* Begin PBXNativeTarget section */
		CC87FF7D19EEFF09002969A8 /* ZaHunter */ = {
			isa = PBXNativeTarget;
			buildConfigurationList = CC87FFA419EEFF09002969A8 /* Build configuration list for PBXNativeTarget "ZaHunter" */;
			buildPhases = (
				CC87FF7A19EEFF09002969A8 /* Sources */,
				CC87FF7B19EEFF09002969A8 /* Frameworks */,
				CC87FF7C19EEFF09002969A8 /* Resources */,
			);
			buildRules = (
			);
			dependencies = (
			);
			name = ZaHunter;
			productName = ZaHunter;
			productReference = CC87FF7E19EEFF09002969A8 /* ZaHunter.app */;
			productType = "com.apple.product-type.application";
		};
		CC87FF9919EEFF09002969A8 /* ZaHunterTests */ = {
			isa = PBXNativeTarget;
			buildConfigurationList = CC87FFA719EEFF09002969A8 /* Build configuration list for PBXNativeTarget "ZaHunterTests" */;
			buildPhases = (
				CC87FF9619EEFF09002969A8 /* Sources */,
				CC87FF9719EEFF09002969A8 /* Frameworks */,
				CC87FF9819EEFF09002969A8 /* Resources */,
			);
			buildRules = (
			);
			dependencies = (
				CC87FF9C19EEFF09002969A8 /* PBXTargetDependency */,
			);
			name = ZaHunterTests;
			productName = ZaHunterTests;
			productReference = CC87FF9A19EEFF09002969A8 /* ZaHunterTests.xctest */;
			productType = "com.apple.product-type.bundle.unit-test";
		};
/* End PBXNativeTarget section */

/* Begin PBXProject section */
		CC87FF7619EEFF08002969A8 /* Project object */ = {
			isa = PBXProject;
			attributes = {
				LastUpgradeCheck = 0600;
				ORGANIZATIONNAME = "MIKE LAND";
				TargetAttributes = {
					CC87FF7D19EEFF09002969A8 = {
						CreatedOnToolsVersion = 6.0.1;
					};
					CC87FF9919EEFF09002969A8 = {
						CreatedOnToolsVersion = 6.0.1;
						TestTargetID = CC87FF7D19EEFF09002969A8;
					};
				};
			};
			buildConfigurationList = CC87FF7919EEFF08002969A8 /* Build configuration list for PBXProject "ZaHunter" */;
			compatibilityVersion = "Xcode 3.2";
			developmentRegion = English;
			hasScannedForEncodings = 0;
			knownRegions = (
				en,
				Base,
			);
			mainGroup = CC87FF7519EEFF08002969A8;
			productRefGroup = CC87FF7F19EEFF09002969A8 /* Products */;
			projectDirPath = "";
			projectRoot = "";
			targets = (
				CC87FF7D19EEFF09002969A8 /* ZaHunter */,
				CC87FF9919EEFF09002969A8 /* ZaHunterTests */,
			);
		};
/* End PBXProject section */

/* Begin PBXResourcesBuildPhase section */
		CC87FF7C19EEFF09002969A8 /* Resources */ = {
			isa = PBXResourcesBuildPhase;
			buildActionMask = 2147483647;
			files = (
				CC87FF9019EEFF09002969A8 /* Main.storyboard in Resources */,
				CC87FF9519EEFF09002969A8 /* LaunchScreen.xib in Resources */,
				CC87FF9219EEFF09002969A8 /* Images.xcassets in Resources */,
			);
			runOnlyForDeploymentPostprocessing = 0;
		};
		CC87FF9819EEFF09002969A8 /* Resources */ = {
			isa = PBXResourcesBuildPhase;
			buildActionMask = 2147483647;
			files = (
			);
			runOnlyForDeploymentPostprocessing = 0;
		};
/* End PBXResourcesBuildPhase section */

/* Begin PBXSourcesBuildPhase section */
		CC87FF7A19EEFF09002969A8 /* Sources */ = {
			isa = PBXSourcesBuildPhase;
			buildActionMask = 2147483647;
			files = (
				CC87FF8719EEFF09002969A8 /* AppDelegate.m in Sources */,
				CC87FF8419EEFF09002969A8 /* main.m in Sources */,
				CC87FF8D19EEFF09002969A8 /* ViewController.m in Sources */,
				CC87FF8A19EEFF09002969A8 /* ZaHunter.xcdatamodeld in Sources */,
			);
			runOnlyForDeploymentPostprocessing = 0;
		};
		CC87FF9619EEFF09002969A8 /* Sources */ = {
			isa = PBXSourcesBuildPhase;
			buildActionMask = 2147483647;
			files = (
				CC87FFA119EEFF09002969A8 /* ZaHunterTests.m in Sources */,
			);
			runOnlyForDeploymentPostprocessing = 0;
		};
/* End PBXSourcesBuildPhase section */

/* Begin PBXTargetDependency section */
		CC87FF9C19EEFF09002969A8 /* PBXTargetDependency */ = {
			isa = PBXTargetDependency;
			target = CC87FF7D19EEFF09002969A8 /* ZaHunter */;
			targetProxy = CC87FF9B19EEFF09002969A8 /* PBXContainerItemProxy */;
		};
/* End PBXTargetDependency section */

/* Begin PBXVariantGroup section */
		CC87FF8E19EEFF09002969A8 /* Main.storyboard */ = {
			isa = PBXVariantGroup;
			children = (
				CC87FF8F19EEFF09002969A8 /* Base */,
			);
			name = Main.storyboard;
			sourceTree = "<group>";
		};
		CC87FF9319EEFF09002969A8 /* LaunchScreen.xib */ = {
			isa = PBXVariantGroup;
			children = (
				CC87FF9419EEFF09002969A8 /* Base */,
			);
			name = LaunchScreen.xib;
			sourceTree = "<group>";
		};
/* End PBXVariantGroup section */

/* Begin XCBuildConfiguration section */
		CC87FFA219EEFF09002969A8 /* Debug */ = {
			isa = XCBuildConfiguration;
			buildSettings = {
				ALWAYS_SEARCH_USER_PATHS = NO;
				CLANG_CXX_LANGUAGE_STANDARD = "gnu++0x";
				CLANG_CXX_LIBRARY = "libc++";
				CLANG_ENABLE_MODULES = YES;
				CLANG_ENABLE_OBJC_ARC = YES;
				CLANG_WARN_BOOL_CONVERSION = YES;
				CLANG_WARN_CONSTANT_CONVERSION = YES;
				CLANG_WARN_DIRECT_OBJC_ISA_USAGE = YES_ERROR;
				CLANG_WARN_EMPTY_BODY = YES;
				CLANG_WARN_ENUM_CONVERSION = YES;
				CLANG_WARN_INT_CONVERSION = YES;
				CLANG_WARN_OBJC_ROOT_CLASS = YES_ERROR;
				CLANG_WARN_UNREACHABLE_CODE = YES;
				CLANG_WARN__DUPLICATE_METHOD_MATCH = YES;
				"CODE_SIGN_IDENTITY[sdk=iphoneos*]" = "iPhone Developer";
				COPY_PHASE_STRIP = NO;
				ENABLE_STRICT_OBJC_MSGSEND = YES;
				GCC_C_LANGUAGE_STANDARD = gnu99;
				GCC_DYNAMIC_NO_PIC = NO;
				GCC_OPTIMIZATION_LEVEL = 0;
				GCC_PREPROCESSOR_DEFINITIONS = (
					"DEBUG=1",
					"$(inherited)",
				);
				GCC_SYMBOLS_PRIVATE_EXTERN = NO;
				GCC_WARN_64_TO_32_BIT_CONVERSION = YES;
				GCC_WARN_ABOUT_RETURN_TYPE = YES_ERROR;
				GCC_WARN_UNDECLARED_SELECTOR = YES;
				GCC_WARN_UNINITIALIZED_AUTOS = YES_AGGRESSIVE;
				GCC_WARN_UNUSED_FUNCTION = YES;
				GCC_WARN_UNUSED_VARIABLE = YES;
				IPHONEOS_DEPLOYMENT_TARGET = 8.0;
				MTL_ENABLE_DEBUG_INFO = YES;
				ONLY_ACTIVE_ARCH = YES;
				SDKROOT = iphoneos;
			};
			name = Debug;
		};
		CC87FFA319EEFF09002969A8 /* Release */ = {
			isa = XCBuildConfiguration;
			buildSettings = {
				ALWAYS_SEARCH_USER_PATHS = NO;
				CLANG_CXX_LANGUAGE_STANDARD = "gnu++0x";
				CLANG_CXX_LIBRARY = "libc++";
				CLANG_ENABLE_MODULES = YES;
				CLANG_ENABLE_OBJC_ARC = YES;
				CLANG_WARN_BOOL_CONVERSION = YES;
				CLANG_WARN_CONSTANT_CONVERSION = YES;
				CLANG_WARN_DIRECT_OBJC_ISA_USAGE = YES_ERROR;
				CLANG_WARN_EMPTY_BODY = YES;
				CLANG_WARN_ENUM_CONVERSION = YES;
				CLANG_WARN_INT_CONVERSION = YES;
				CLANG_WARN_OBJC_ROOT_CLASS = YES_ERROR;
				CLANG_WARN_UNREACHABLE_CODE = YES;
				CLANG_WARN__DUPLICATE_METHOD_MATCH = YES;
				"CODE_SIGN_IDENTITY[sdk=iphoneos*]" = "iPhone Developer";
				COPY_PHASE_STRIP = YES;
				ENABLE_NS_ASSERTIONS = NO;
				ENABLE_STRICT_OBJC_MSGSEND = YES;
				GCC_C_LANGUAGE_STANDARD = gnu99;
				GCC_WARN_64_TO_32_BIT_CONVERSION = YES;
				GCC_WARN_ABOUT_RETURN_TYPE = YES_ERROR;
				GCC_WARN_UNDECLARED_SELECTOR = YES;
				GCC_WARN_UNINITIALIZED_AUTOS = YES_AGGRESSIVE;
				GCC_WARN_UNUSED_FUNCTION = YES;
				GCC_WARN_UNUSED_VARIABLE = YES;
				IPHONEOS_DEPLOYMENT_TARGET = 8.0;
				MTL_ENABLE_DEBUG_INFO = NO;
				SDKROOT = iphoneos;
				VALIDATE_PRODUCT = YES;
			};
			name = Release;
		};
		CC87FFA519EEFF09002969A8 /* Debug */ = {
			isa = XCBuildConfiguration;
			buildSettings = {
				ASSETCATALOG_COMPILER_APPICON_NAME = AppIcon;
				INFOPLIST_FILE = ZaHunter/Info.plist;
				LD_RUNPATH_SEARCH_PATHS = "$(inherited) @executable_path/Frameworks";
				PRODUCT_NAME = "$(TARGET_NAME)";
			};
			name = Debug;
		};
		CC87FFA619EEFF09002969A8 /* Release */ = {
			isa = XCBuildConfiguration;
			buildSettings = {
				ASSETCATALOG_COMPILER_APPICON_NAME = AppIcon;
				INFOPLIST_FILE = ZaHunter/Info.plist;
				LD_RUNPATH_SEARCH_PATHS = "$(inherited) @executable_path/Frameworks";
				PRODUCT_NAME = "$(TARGET_NAME)";
			};
			name = Release;
		};
		CC87FFA819EEFF09002969A8 /* Debug */ = {
			isa = XCBuildConfiguration;
			buildSettings = {
				BUNDLE_LOADER = "$(TEST_HOST)";
				FRAMEWORK_SEARCH_PATHS = (
					"$(SDKROOT)/Developer/Library/Frameworks",
					"$(inherited)",
				);
				GCC_PREPROCESSOR_DEFINITIONS = (
					"DEBUG=1",
					"$(inherited)",
				);
				INFOPLIST_FILE = ZaHunterTests/Info.plist;
				LD_RUNPATH_SEARCH_PATHS = "$(inherited) @executable_path/Frameworks @loader_path/Frameworks";
				PRODUCT_NAME = "$(TARGET_NAME)";
				TEST_HOST = "$(BUILT_PRODUCTS_DIR)/ZaHunter.app/ZaHunter";
			};
			name = Debug;
		};
		CC87FFA919EEFF09002969A8 /* Release */ = {
			isa = XCBuildConfiguration;
			buildSettings = {
				BUNDLE_LOADER = "$(TEST_HOST)";
				FRAMEWORK_SEARCH_PATHS = (
					"$(SDKROOT)/Developer/Library/Frameworks",
					"$(inherited)",
				);
				INFOPLIST_FILE = ZaHunterTests/Info.plist;
				LD_RUNPATH_SEARCH_PATHS = "$(inherited) @executable_path/Frameworks @loader_path/Frameworks";
				PRODUCT_NAME = "$(TARGET_NAME)";
				TEST_HOST = "$(BUILT_PRODUCTS_DIR)/ZaHunter.app/ZaHunter";
			};
			name = Release;
		};
/* End XCBuildConfiguration section */

/* Begin XCConfigurationList section */
		CC87FF7919EEFF08002969A8 /* Build configuration list for PBXProject "ZaHunter" */ = {
			isa = XCConfigurationList;
			buildConfigurations = (
				CC87FFA219EEFF09002969A8 /* Debug */,
				CC87FFA319EEFF09002969A8 /* Release */,
			);
			defaultConfigurationIsVisible = 0;
			defaultConfigurationName = Release;
		};
		CC87FFA419EEFF09002969A8 /* Build configuration list for PBXNativeTarget "ZaHunter" */ = {
			isa = XCConfigurationList;
			buildConfigurations = (
				CC87FFA519EEFF09002969A8 /* Debug */,
				CC87FFA619EEFF09002969A8 /* Release */,
			);
			defaultConfigurationIsVisible = 0;
		};
		CC87FFA719EEFF09002969A8 /* Build configuration list for PBXNativeTarget "ZaHunterTests" */ = {
			isa = XCConfigurationList;
			buildConfigurations = (
				CC87FFA819EEFF09002969A8 /* Debug */,
				CC87FFA919EEFF09002969A8 /* Release */,
			);
			defaultConfigurationIsVisible = 0;
		};
/* End XCConfigurationList section */

/* Begin XCVersionGroup section */
		CC87FF8819EEFF09002969A8 /* ZaHunter.xcdatamodeld */ = {
			isa = XCVersionGroup;
			children = (
				CC87FF8919EEFF09002969A8 /* ZaHunter.xcdatamodel */,
			);
			currentVersion = CC87FF8919EEFF09002969A8 /* ZaHunter.xcdatamodel */;
			path = ZaHunter.xcdatamodeld;
			sourceTree = "<group>";
			versionGroupType = wrapper.xcdatamodel;
		};
/* End XCVersionGroup section */
	};
	rootObject = CC87FF7619EEFF08002969A8 /* Project object */;
}
